
Microsoft Visual Studio Solution File, Format Version 12.00
# Visual Studio Version 17
VisualStudioVersion = 17.13.36105.23
MinimumVisualStudioVersion = 10.0.40219.1
Project("{FAE04EC0-301F-11D3-BF4B-00C04F79EFBC}") = "Ejercicio1.1", "Ejercicio1.1\Ejercicio1.1.csproj", "{D333FEF1-4735-4615-A62A-15E3BCEE37A9}"
EndProject
Project("{FAE04EC0-301F-11D3-BF4B-00C04F79EFBC}") = "Ejercicio1.2.a", "Ejercicio1.2.a\Ejercicio1.2.a.csproj", "{B7CBEC80-00D3-4DF5-8A57-693E74F8B279}"
EndProject
Project("{2150E333-8FDC-42A3-9474-1A3956D46DE8}") = "I.introduccion_vectores", "I.introduccion_vectores", "{02EA681E-C7D8-13C7-8484-4AC65E1B71E8}"
EndProject
Project("{2150E333-8FDC-42A3-9474-1A3956D46DE8}") = "II.Ordenamiento", "II.Ordenamiento", "{1FEB552D-5CE9-4F35-9EAE-C2A02AFFD111}"
EndProject
Project("{FAE04EC0-301F-11D3-BF4B-00C04F79EFBC}") = "Ejercicio2.1", "Ejercicio2.1\Ejercicio2.1.csproj", "{243A64E8-84AE-41EF-8B66-394CF82E18BF}"
EndProject
Project("{FAE04EC0-301F-11D3-BF4B-00C04F79EFBC}") = "Ejercicio2.2", "Ejercicio2.2\Ejercicio2.2.csproj", "{19DD37DD-2F32-4CDE-BE6F-20ABC805BB55}"
EndProject
Project("{FAE04EC0-301F-11D3-BF4B-00C04F79EFBC}") = "Ejercicio3.1", "Ejercicio3.1\Ejercicio3.1.csproj", "{EF3EC1F4-F504-4D5E-A3B4-1756B78D4CD1}"
EndProject
Project("{2150E333-8FDC-42A3-9474-1A3956D46DE8}") = "III.Busqueda", "III.Busqueda", "{1482E17C-C5F1-4EBF-AC48-0812304E335F}"
EndProject
Project("{2150E333-8FDC-42A3-9474-1A3956D46DE8}") = "IV.Filtrado", "IV.Filtrado", "{CE283477-C856-4B64-9AEC-865EBA73A2BE}"
EndProject
Project("{FAE04EC0-301F-11D3-BF4B-00C04F79EFBC}") = "Ejercicio4.1", "Ejercicio4.1\Ejercicio4.1.csproj", "{DB020D25-0863-48ED-B78D-7D7732C993CB}"
EndProject
Project("{2150E333-8FDC-42A3-9474-1A3956D46DE8}") = "Ejercicio1.2", "Ejercicio1.2", "{6995236C-DA76-44B6-BFD6-9B4BA7F9A393}"
EndProject
Project("{FAE04EC0-301F-11D3-BF4B-00C04F79EFBC}") = "Ejercicio1.2.b", "Ejercicio1.2.b\Ejercicio1.2.b.csproj", "{859C5EEA-9AA8-4131-BBFA-4BE44F61CD83}"
EndProject
Project("{FAE04EC0-301F-11D3-BF4B-00C04F79EFBC}") = "Ejercicio1.3", "Ejercicio1.3\Ejercicio1.3.csproj", "{67F99248-20AC-4931-9506-C3B1A54EAA62}"
EndProject
Project("{FAE04EC0-301F-11D3-BF4B-00C04F79EFBC}") = "Ejercicio4.2", "Ejercicio4.2\Ejercicio4.2.csproj", "{4927C35E-EA08-406D-9E08-401120E510AD}"
EndProject
Project("{FAE04EC0-301F-11D3-BF4B-00C04F79EFBC}") = "Ejercicio3.2", "Ejercicio3.2\Ejercicio3.2.csproj", "{22A00778-826E-4FF9-B93C-9225CC6583C9}"
EndProject
Global
	GlobalSection(SolutionConfigurationPlatforms) = preSolution
		Debug|Any CPU = Debug|Any CPU
		Release|Any CPU = Release|Any CPU
	EndGlobalSection
	GlobalSection(ProjectConfigurationPlatforms) = postSolution
		{D333FEF1-4735-4615-A62A-15E3BCEE37A9}.Debug|Any CPU.ActiveCfg = Debug|Any CPU
		{D333FEF1-4735-4615-A62A-15E3BCEE37A9}.Debug|Any CPU.Build.0 = Debug|Any CPU
		{D333FEF1-4735-4615-A62A-15E3BCEE37A9}.Release|Any CPU.ActiveCfg = Release|Any CPU
		{D333FEF1-4735-4615-A62A-15E3BCEE37A9}.Release|Any CPU.Build.0 = Release|Any CPU
		{B7CBEC80-00D3-4DF5-8A57-693E74F8B279}.Debug|Any CPU.ActiveCfg = Debug|Any CPU
		{B7CBEC80-00D3-4DF5-8A57-693E74F8B279}.Debug|Any CPU.Build.0 = Debug|Any CPU
		{B7CBEC80-00D3-4DF5-8A57-693E74F8B279}.Release|Any CPU.ActiveCfg = Release|Any CPU
		{B7CBEC80-00D3-4DF5-8A57-693E74F8B279}.Release|Any CPU.Build.0 = Release|Any CPU
		{243A64E8-84AE-41EF-8B66-394CF82E18BF}.Debug|Any CPU.ActiveCfg = Debug|Any CPU
		{243A64E8-84AE-41EF-8B66-394CF82E18BF}.Debug|Any CPU.Build.0 = Debug|Any CPU
		{243A64E8-84AE-41EF-8B66-394CF82E18BF}.Release|Any CPU.ActiveCfg = Release|Any CPU
		{243A64E8-84AE-41EF-8B66-394CF82E18BF}.Release|Any CPU.Build.0 = Release|Any CPU
		{19DD37DD-2F32-4CDE-BE6F-20ABC805BB55}.Debug|Any CPU.ActiveCfg = Debug|Any CPU
		{19DD37DD-2F32-4CDE-BE6F-20ABC805BB55}.Debug|Any CPU.Build.0 = Debug|Any CPU
		{19DD37DD-2F32-4CDE-BE6F-20ABC805BB55}.Release|Any CPU.ActiveCfg = Release|Any CPU
		{19DD37DD-2F32-4CDE-BE6F-20ABC805BB55}.Release|Any CPU.Build.0 = Release|Any CPU
		{EF3EC1F4-F504-4D5E-A3B4-1756B78D4CD1}.Debug|Any CPU.ActiveCfg = Debug|Any CPU
		{EF3EC1F4-F504-4D5E-A3B4-1756B78D4CD1}.Debug|Any CPU.Build.0 = Debug|Any CPU
		{EF3EC1F4-F504-4D5E-A3B4-1756B78D4CD1}.Release|Any CPU.ActiveCfg = Release|Any CPU
		{EF3EC1F4-F504-4D5E-A3B4-1756B78D4CD1}.Release|Any CPU.Build.0 = Release|Any CPU
		{DB020D25-0863-48ED-B78D-7D7732C993CB}.Debug|Any CPU.ActiveCfg = Debug|Any CPU
		{DB020D25-0863-48ED-B78D-7D7732C993CB}.Debug|Any CPU.Build.0 = Debug|Any CPU
		{DB020D25-0863-48ED-B78D-7D7732C993CB}.Release|Any CPU.ActiveCfg = Release|Any CPU
		{DB020D25-0863-48ED-B78D-7D7732C993CB}.Release|Any CPU.Build.0 = Release|Any CPU
		{859C5EEA-9AA8-4131-BBFA-4BE44F61CD83}.Debug|Any CPU.ActiveCfg = Debug|Any CPU
		{859C5EEA-9AA8-4131-BBFA-4BE44F61CD83}.Debug|Any CPU.Build.0 = Debug|Any CPU
		{859C5EEA-9AA8-4131-BBFA-4BE44F61CD83}.Release|Any CPU.ActiveCfg = Release|Any CPU
		{859C5EEA-9AA8-4131-BBFA-4BE44F61CD83}.Release|Any CPU.Build.0 = Release|Any CPU
		{67F99248-20AC-4931-9506-C3B1A54EAA62}.Debug|Any CPU.ActiveCfg = Debug|Any CPU
		{67F99248-20AC-4931-9506-C3B1A54EAA62}.Debug|Any CPU.Build.0 = Debug|Any CPU
		{67F99248-20AC-4931-9506-C3B1A54EAA62}.Release|Any CPU.ActiveCfg = Release|Any CPU
		{67F99248-20AC-4931-9506-C3B1A54EAA62}.Release|Any CPU.Build.0 = Release|Any CPU
		{4927C35E-EA08-406D-9E08-401120E510AD}.Debug|Any CPU.ActiveCfg = Debug|Any CPU
		{4927C35E-EA08-406D-9E08-401120E510AD}.Debug|Any CPU.Build.0 = Debug|Any CPU
		{4927C35E-EA08-406D-9E08-401120E510AD}.Release|Any CPU.ActiveCfg = Release|Any CPU
		{4927C35E-EA08-406D-9E08-401120E510AD}.Release|Any CPU.Build.0 = Release|Any CPU
		{22A00778-826E-4FF9-B93C-9225CC6583C9}.Debug|Any CPU.ActiveCfg = Debug|Any CPU
		{22A00778-826E-4FF9-B93C-9225CC6583C9}.Debug|Any CPU.Build.0 = Debug|Any CPU
		{22A00778-826E-4FF9-B93C-9225CC6583C9}.Release|Any CPU.ActiveCfg = Release|Any CPU
		{22A00778-826E-4FF9-B93C-9225CC6583C9}.Release|Any CPU.Build.0 = Release|Any CPU
	EndGlobalSection
	GlobalSection(SolutionProperties) = preSolution
		HideSolutionNode = FALSE
	EndGlobalSection
	GlobalSection(NestedProjects) = preSolution
		{D333FEF1-4735-4615-A62A-15E3BCEE37A9} = {02EA681E-C7D8-13C7-8484-4AC65E1B71E8}
		{B7CBEC80-00D3-4DF5-8A57-693E74F8B279} = {6995236C-DA76-44B6-BFD6-9B4BA7F9A393}
		{243A64E8-84AE-41EF-8B66-394CF82E18BF} = {1FEB552D-5CE9-4F35-9EAE-C2A02AFFD111}
		{19DD37DD-2F32-4CDE-BE6F-20ABC805BB55} = {1FEB552D-5CE9-4F35-9EAE-C2A02AFFD111}
		{EF3EC1F4-F504-4D5E-A3B4-1756B78D4CD1} = {1482E17C-C5F1-4EBF-AC48-0812304E335F}
		{DB020D25-0863-48ED-B78D-7D7732C993CB} = {CE283477-C856-4B64-9AEC-865EBA73A2BE}
		{6995236C-DA76-44B6-BFD6-9B4BA7F9A393} = {02EA681E-C7D8-13C7-8484-4AC65E1B71E8}
		{859C5EEA-9AA8-4131-BBFA-4BE44F61CD83} = {6995236C-DA76-44B6-BFD6-9B4BA7F9A393}
		{67F99248-20AC-4931-9506-C3B1A54EAA62} = {02EA681E-C7D8-13C7-8484-4AC65E1B71E8}
		{4927C35E-EA08-406D-9E08-401120E510AD} = {CE283477-C856-4B64-9AEC-865EBA73A2BE}
		{22A00778-826E-4FF9-B93C-9225CC6583C9} = {1482E17C-C5F1-4EBF-AC48-0812304E335F}
	EndGlobalSection
	GlobalSection(ExtensibilityGlobals) = postSolution
		SolutionGuid = {87C3F63D-CFE5-48C2-9838-3D3E3EC78C1D}
	EndGlobalSection
EndGlobal
